// !$*UTF8*$!
{
	archiveVersion = 1;
	classes = {
	};
	objectVersion = 56;
	objects = {

/* Begin PBXBuildFile section */
		AA0000000000000000000002 /* ZhunjiApp.swift in Sources */ = {isa = PBXBuildFile; fileRef = AA0000000000000000000001 /* ZhunjiApp.swift */; };
		AA0000000000000000000004 /* Core.swift in Sources */ = {isa = PBXBuildFile; fileRef = AA0000000000000000000003 /* Core.swift */; };
		AA0000000000000000000006 /* EventSink.swift in Sources */ = {isa = PBXBuildFile; fileRef = AA0000000000000000000005 /* EventSink.swift */; };
		AA0000000000000000000008 /* AudioCue.swift in Sources */ = {isa = PBXBuildFile; fileRef = AA0000000000000000000007 /* AudioCue.swift */; };
		AA0000000000000000000010 /* Autostart.swift in Sources */ = {isa = PBXBuildFile; fileRef = AA0000000000000000000009 /* Autostart.swift */; };
		AA0000000000000000000012 /* HistoryModel.swift in Sources */ = {isa = PBXBuildFile; fileRef = AA0000000000000000000011 /* HistoryModel.swift */; };
		AA0000000000000000000014 /* OverviewModel.swift in Sources */ = {isa = PBXBuildFile; fileRef = AA0000000000000000000013 /* OverviewModel.swift */; };
		AA0000000000000000000016 /* ProvidersModel.swift in Sources */ = {isa = PBXBuildFile; fileRef = AA0000000000000000000015 /* ProvidersModel.swift */; };
		AA0000000000000000000018 /* SettingsModel.swift in Sources */ = {isa = PBXBuildFile; fileRef = AA0000000000000000000017 /* SettingsModel.swift */; };
		AA0000000000000000000020 /* Theme.swift in Sources */ = {isa = PBXBuildFile; fileRef = AA0000000000000000000019 /* Theme.swift */; };
		AA0000000000000000000022 /* CapsuleModel.swift in Sources */ = {isa = PBXBuildFile; fileRef = AA0000000000000000000021 /* CapsuleModel.swift */; };
		AA0000000000000000000024 /* CapsulePillView.swift in Sources */ = {isa = PBXBuildFile; fileRef = AA0000000000000000000023 /* CapsulePillView.swift */; };
		AA0000000000000000000026 /* OnboardingView.swift in Sources */ = {isa = PBXBuildFile; fileRef = AA0000000000000000000025 /* OnboardingView.swift */; };
		AA0000000000000000000028 /* AdvancedView.swift in Sources */ = {isa = PBXBuildFile; fileRef = AA0000000000000000000027 /* AdvancedView.swift */; };
		AA0000000000000000000030 /* DictionaryView.swift in Sources */ = {isa = PBXBuildFile; fileRef = AA0000000000000000000029 /* DictionaryView.swift */; };
		AA0000000000000000000032 /* HistoryView.swift in Sources */ = {isa = PBXBuildFile; fileRef = AA0000000000000000000031 /* HistoryView.swift */; };
		AA0000000000000000000034 /* OverviewView.swift in Sources */ = {isa = PBXBuildFile; fileRef = AA0000000000000000000033 /* OverviewView.swift */; };
		AA0000000000000000000036 /* ProvidersView.swift in Sources */ = {isa = PBXBuildFile; fileRef = AA0000000000000000000035 /* ProvidersView.swift */; };
		AA0000000000000000000038 /* SettingsViews.swift in Sources */ = {isa = PBXBuildFile; fileRef = AA0000000000000000000037 /* SettingsViews.swift */; };
		AA0000000000000000000040 /* AppShellView.swift in Sources */ = {isa = PBXBuildFile; fileRef = AA0000000000000000000039 /* AppShellView.swift */; };
		AA0000000000000000000042 /* CapsulePanel.swift in Sources */ = {isa = PBXBuildFile; fileRef = AA0000000000000000000041 /* CapsulePanel.swift */; };
		AA0000000000000000000044 /* MainWindowController.swift in Sources */ = {isa = PBXBuildFile; fileRef = AA0000000000000000000043 /* MainWindowController.swift */; };
		AA0000000000000000000050 /* libzhunji_core.dylib in CopyFiles */ = {isa = PBXBuildFile; fileRef = AA0000000000000000000049 /* libzhunji_core.dylib */; settings = {ATTRIBUTES = (CodeSignOnCopy, RemoveHeadersOnCopy, ); }; };
		AA0000000000000000000046 /* AppIcon.png in Resources */ = {isa = PBXBuildFile; fileRef = AA0000000000000000000045 /* AppIcon.png */; };
		AA0000000000000000000048 /* icon.icns in Resources */ = {isa = PBXBuildFile; fileRef = AA0000000000000000000047 /* icon.icns */; };
/* End PBXBuildFile section */

/* Begin PBXFileReference section */
		AA0000000000000000000051 /* Zhunji.app */ = {isa = PBXFileReference; explicitFileType = wrapper.application; includeInIndex = 0; path = Zhunji.app; sourceTree = BUILT_PRODUCTS_DIR; };
		AA0000000000000000000001 /* ZhunjiApp.swift */ = {isa = PBXFileReference; lastKnownFileType = sourcecode.swift; path = ZhunjiApp.swift; sourceTree = "<group>"; };
		AA0000000000000000000003 /* Core.swift */ = {isa = PBXFileReference; lastKnownFileType = sourcecode.swift; path = FFI/Core.swift; sourceTree = "<group>"; };
		AA0000000000000000000005 /* EventSink.swift */ = {isa = PBXFileReference; lastKnownFileType = sourcecode.swift; path = FFI/EventSink.swift; sourceTree = "<group>"; };
		AA0000000000000000000007 /* AudioCue.swift */ = {isa = PBXFileReference; lastKnownFileType = sourcecode.swift; path = Services/AudioCue.swift; sourceTree = "<group>"; };
		AA0000000000000000000009 /* Autostart.swift */ = {isa = PBXFileReference; lastKnownFileType = sourcecode.swift; path = Services/Autostart.swift; sourceTree = "<group>"; };
		AA0000000000000000000011 /* HistoryModel.swift */ = {isa = PBXFileReference; lastKnownFileType = sourcecode.swift; path = Services/HistoryModel.swift; sourceTree = "<group>"; };
		AA0000000000000000000013 /* OverviewModel.swift */ = {isa = PBXFileReference; lastKnownFileType = sourcecode.swift; path = Services/OverviewModel.swift; sourceTree = "<group>"; };
		AA0000000000000000000015 /* ProvidersModel.swift */ = {isa = PBXFileReference; lastKnownFileType = sourcecode.swift; path = Services/ProvidersModel.swift; sourceTree = "<group>"; };
		AA0000000000000000000017 /* SettingsModel.swift */ = {isa = PBXFileReference; lastKnownFileType = sourcecode.swift; path = Services/SettingsModel.swift; sourceTree = "<group>"; };
		AA0000000000000000000019 /* Theme.swift */ = {isa = PBXFileReference; lastKnownFileType = sourcecode.swift; path = Theme/Theme.swift; sourceTree = "<group>"; };
		AA0000000000000000000021 /* CapsuleModel.swift */ = {isa = PBXFileReference; lastKnownFileType = sourcecode.swift; path = Views/Capsule/CapsuleModel.swift; sourceTree = "<group>"; };
		AA0000000000000000000023 /* CapsulePillView.swift */ = {isa = PBXFileReference; lastKnownFileType = sourcecode.swift; path = Views/Capsule/CapsulePillView.swift; sourceTree = "<group>"; };
		AA0000000000000000000025 /* OnboardingView.swift */ = {isa = PBXFileReference; lastKnownFileType = sourcecode.swift; path = Views/Onboarding/OnboardingView.swift; sourceTree = "<group>"; };
		AA0000000000000000000027 /* AdvancedView.swift */ = {isa = PBXFileReference; lastKnownFileType = sourcecode.swift; path = Views/Pages/AdvancedView.swift; sourceTree = "<group>"; };
		AA0000000000000000000029 /* DictionaryView.swift */ = {isa = PBXFileReference; lastKnownFileType = sourcecode.swift; path = Views/Pages/DictionaryView.swift; sourceTree = "<group>"; };
		AA0000000000000000000031 /* HistoryView.swift */ = {isa = PBXFileReference; lastKnownFileType = sourcecode.swift; path = Views/Pages/HistoryView.swift; sourceTree = "<group>"; };
		AA0000000000000000000033 /* OverviewView.swift */ = {isa = PBXFileReference; lastKnownFileType = sourcecode.swift; path = Views/Pages/OverviewView.swift; sourceTree = "<group>"; };
		AA0000000000000000000035 /* ProvidersView.swift */ = {isa = PBXFileReference; lastKnownFileType = sourcecode.swift; path = Views/Pages/ProvidersView.swift; sourceTree = "<group>"; };
		AA0000000000000000000037 /* SettingsViews.swift */ = {isa = PBXFileReference; lastKnownFileType = sourcecode.swift; path = Views/Pages/SettingsViews.swift; sourceTree = "<group>"; };
		AA0000000000000000000039 /* AppShellView.swift */ = {isa = PBXFileReference; lastKnownFileType = sourcecode.swift; path = Views/Shell/AppShellView.swift; sourceTree = "<group>"; };
		AA0000000000000000000041 /* CapsulePanel.swift */ = {isa = PBXFileReference; lastKnownFileType = sourcecode.swift; path = Windows/CapsulePanel.swift; sourceTree = "<group>"; };
		AA0000000000000000000043 /* MainWindowController.swift */ = {isa = PBXFileReference; lastKnownFileType = sourcecode.swift; path = Windows/MainWindowController.swift; sourceTree = "<group>"; };
		AA0000000000000000000049 /* libzhunji_core.dylib */ = {isa = PBXFileReference; lastKnownFileType = compiled.mach-o.dylib; name = libzhunji_core.dylib; path = Resources/libzhunji_core.dylib; sourceTree = "<group>"; };
		AA0000000000000000000052 /* Info.plist */ = {isa = PBXFileReference; lastKnownFileType = text.plist.xml; path = Info.plist; sourceTree = "<group>"; };
		AA0000000000000000000053 /* Entitlements.plist */ = {isa = PBXFileReference; lastKnownFileType = text.plist.xml; path = Entitlements.plist; sourceTree = "<group>"; };
		AA0000000000000000000045 /* AppIcon.png */ = {isa = PBXFileReference; lastKnownFileType = file; path = Resources/AppIcon.png; sourceTree = "<group>"; };
		AA0000000000000000000047 /* icon.icns */ = {isa = PBXFileReference; lastKnownFileType = file; path = Resources/icon.icns; sourceTree = "<group>"; };
/* End PBXFileReference section */

/* Begin PBXFrameworksBuildPhase section */
		AA0000000000000000000060 /* Frameworks */ = {
			isa = PBXFrameworksBuildPhase;
			buildActionMask = 2147483647;
			files = (
			);
			runOnlyForDeploymentPostprocessing = 0;
		};
/* End PBXFrameworksBuildPhase section */

/* Begin PBXCopyFilesBuildPhase section */
		AA0000000000000000000054 /* Copy Frameworks */ = {
			isa = PBXCopyFilesBuildPhase;
			buildActionMask = 2147483647;
			dstPath = "";
			dstSubfolderSpec = 10;
			files = (
				AA0000000000000000000050 /* libzhunji_core.dylib in CopyFiles */,
			);
			name = "Copy Frameworks";
			runOnlyForDeploymentPostprocessing = 0;
		};
/* End PBXCopyFilesBuildPhase section */

/* Begin PBXGroup section */
		AA0000000000000000000055 = {
			isa = PBXGroup;
			children = (
				AA0000000000000000000056 /* Sources */,
				AA0000000000000000000057 /* Frameworks */,
				AA0000000000000000000058 /* Products */,
			);
			sourceTree = "<group>";
		};
		AA0000000000000000000056 /* Sources */ = {
			isa = PBXGroup;
			children = (
				AA0000000000000000000001 /* ZhunjiApp.swift */,
				AA0000000000000000000003 /* Core.swift */,
				AA0000000000000000000005 /* EventSink.swift */,
				AA0000000000000000000007 /* AudioCue.swift */,
				AA0000000000000000000009 /* Autostart.swift */,
				AA0000000000000000000011 /* HistoryModel.swift */,
				AA0000000000000000000013 /* OverviewModel.swift */,
				AA0000000000000000000015 /* ProvidersModel.swift */,
				AA0000000000000000000017 /* SettingsModel.swift */,
				AA0000000000000000000019 /* Theme.swift */,
				AA0000000000000000000021 /* CapsuleModel.swift */,
				AA0000000000000000000023 /* CapsulePillView.swift */,
				AA0000000000000000000025 /* OnboardingView.swift */,
				AA0000000000000000000027 /* AdvancedView.swift */,
				AA0000000000000000000029 /* DictionaryView.swift */,
				AA0000000000000000000031 /* HistoryView.swift */,
				AA0000000000000000000033 /* OverviewView.swift */,
				AA0000000000000000000035 /* ProvidersView.swift */,
				AA0000000000000000000037 /* SettingsViews.swift */,
				AA0000000000000000000039 /* AppShellView.swift */,
				AA0000000000000000000041 /* CapsulePanel.swift */,
				AA0000000000000000000043 /* MainWindowController.swift */,
				AA0000000000000000000052 /* Info.plist */,
				AA0000000000000000000053 /* Entitlements.plist */,
			);
			path = Sources;
			sourceTree = "<group>";
		};
		AA0000000000000000000057 /* Frameworks */ = {
			isa = PBXGroup;
			children = (
				AA0000000000000000000049 /* libzhunji_core.dylib */,
			);
			name = Frameworks;
			sourceTree = "<group>";
		};
		AA0000000000000000000058 /* Products */ = {
			isa = PBXGroup;
			children = (
				AA0000000000000000000051 /* Zhunji.app */,
			);
			name = Products;
			sourceTree = "<group>";
		};
/* End PBXGroup section */

/* Begin PBXNativeTarget section */
		AA0000000000000000000062 /* Zhunji */ = {
			isa = PBXNativeTarget;
			buildConfigurationList = AA0000000000000000000064 /* Build configuration list for PBXNativeTarget "Zhunji" */;
			buildPhases = (
				AA0000000000000000000059 /* Sources */,
				AA0000000000000000000060 /* Frameworks */,
				AA0000000000000000000054 /* Copy Frameworks */,
				AA0000000000000000000061 /* Resources */,
			);
			buildRules = (
			);
			dependencies = (
			);
			name = Zhunji;
			productName = Zhunji;
			productReference = AA0000000000000000000051 /* Zhunji.app */;
			productType = "com.apple.product-type.application";
		};
/* End PBXNativeTarget section */

/* Begin PBXProject section */
		AA0000000000000000000063 /* Project object */ = {
			isa = PBXProject;
			attributes = {
				BuildIndependentTargetsInParallel = 1;
				LastSwiftUpdateCheck = 1600;
				LastUpgradeCheck = 1600;
			};
			buildConfigurationList = AA0000000000000000000065 /* Build configuration list for PBXProject "Zhunji" */;
			compatibilityVersion = "Xcode 14.0";
			developmentRegion = zh_CN;
			hasScannedForEncodings = 0;
			knownRegions = (
				en,
				zh_CN,
				Base,
			);
			mainGroup = AA0000000000000000000055;
			productRefGroup = AA0000000000000000000058 /* Products */;
			projectDirPath = "";
			projectRoot = "";
			targets = (
				AA0000000000000000000062 /* Zhunji */,
			);
		};
/* End PBXProject section */

/* Begin PBXResourcesBuildPhase section */
		AA0000000000000000000061 /* Resources */ = {
			isa = PBXResourcesBuildPhase;
			buildActionMask = 2147483647;
			files = (
				AA0000000000000000000046 /* AppIcon.png in Resources */,
				AA0000000000000000000048 /* icon.icns in Resources */,
			);
			runOnlyForDeploymentPostprocessing = 0;
		};
/* End PBXResourcesBuildPhase section */

/* Begin PBXSourcesBuildPhase section */
		AA0000000000000000000059 /* Sources */ = {
			isa = PBXSourcesBuildPhase;
			buildActionMask = 2147483647;
			files = (
				AA0000000000000000000002 /* ZhunjiApp.swift in Sources */,
				AA0000000000000000000004 /* Core.swift in Sources */,
				AA0000000000000000000006 /* EventSink.swift in Sources */,
				AA0000000000000000000008 /* AudioCue.swift in Sources */,
				AA0000000000000000000010 /* Autostart.swift in Sources */,
				AA0000000000000000000012 /* HistoryModel.swift in Sources */,
				AA0000000000000000000014 /* OverviewModel.swift in Sources */,
				AA0000000000000000000016 /* ProvidersModel.swift in Sources */,
				AA0000000000000000000018 /* SettingsModel.swift in Sources */,
				AA0000000000000000000020 /* Theme.swift in Sources */,
				AA0000000000000000000022 /* CapsuleModel.swift in Sources */,
				AA0000000000000000000024 /* CapsulePillView.swift in Sources */,
				AA0000000000000000000026 /* OnboardingView.swift in Sources */,
				AA0000000000000000000028 /* AdvancedView.swift in Sources */,
				AA0000000000000000000030 /* DictionaryView.swift in Sources */,
				AA0000000000000000000032 /* HistoryView.swift in Sources */,
				AA0000000000000000000034 /* OverviewView.swift in Sources */,
				AA0000000000000000000036 /* ProvidersView.swift in Sources */,
				AA0000000000000000000038 /* SettingsViews.swift in Sources */,
				AA0000000000000000000040 /* AppShellView.swift in Sources */,
				AA0000000000000000000042 /* CapsulePanel.swift in Sources */,
				AA0000000000000000000044 /* MainWindowController.swift in Sources */,
			);
			runOnlyForDeploymentPostprocessing = 0;
		};
/* End PBXSourcesBuildPhase section */

/* Begin XCBuildConfiguration section */
		AA0000000000000000000068 /* Debug */ = {
			isa = XCBuildConfiguration;
			buildSettings = {
				ALWAYS_SEARCH_USER_PATHS = NO;
				CLANG_ANALYZER_NONNULL = YES;
				CLANG_ENABLE_MODULES = YES;
				CLANG_ENABLE_OBJC_ARC = YES;
				CODE_SIGN_IDENTITY = "-";
				DEBUG_INFORMATION_FORMAT = dwarf;
				ENABLE_TESTABILITY = YES;
				GCC_NO_COMMON_BLOCKS = YES;
				MACOSX_DEPLOYMENT_TARGET = 14.0;
				ONLY_ACTIVE_ARCH = YES;
				SDKROOT = macosx;
				SWIFT_ACTIVE_COMPILATION_CONDITIONS = DEBUG;
				SWIFT_OPTIMIZATION_LEVEL = "-Onone";
				SWIFT_VERSION = 5.0;
			};
			name = Debug;
		};
		AA0000000000000000000069 /* Release */ = {
			isa = XCBuildConfiguration;
			buildSettings = {
				ALWAYS_SEARCH_USER_PATHS = NO;
				CLANG_ANALYZER_NONNULL = YES;
				CLANG_ENABLE_MODULES = YES;
				CLANG_ENABLE_OBJC_ARC = YES;
				CODE_SIGN_IDENTITY = "-";
				DEBUG_INFORMATION_FORMAT = "dwarf-with-dsym";
				GCC_NO_COMMON_BLOCKS = YES;
				MACOSX_DEPLOYMENT_TARGET = 14.0;
				SDKROOT = macosx;
				SWIFT_COMPILATION_MODE = wholemodule;
				SWIFT_OPTIMIZATION_LEVEL = "-O";
				SWIFT_VERSION = 5.0;
			};
			name = Release;
		};
		AA0000000000000000000066 /* Debug */ = {
			isa = XCBuildConfiguration;
			buildSettings = {
				ARCHS = arm64;
				CODE_SIGN_ENTITLEMENTS = Entitlements.plist;
				CODE_SIGN_STYLE = Automatic;
				CURRENT_PROJECT_VERSION = 1;
				ENABLE_HARDENED_RUNTIME = YES;
				INFOPLIST_FILE = Info.plist;
				LD_RUNPATH_SEARCH_PATHS = (
					"$(inherited)",
					"@executable_path/../Frameworks",
				);
				MARKETING_VERSION = 1.0.2;
				OTHER_LDFLAGS = (
					"$(inherited)",
					"-L$(SRCROOT)/Resources",
					"-lzhunji_core",
				);
				PRODUCT_BUNDLE_IDENTIFIER = com.zhunji.app;
				PRODUCT_NAME = "$(TARGET_NAME)";
				SWIFT_EMIT_LOC_STRINGS = NO;
			};
			name = Debug;
		};
		AA0000000000000000000067 /* Release */ = {
			isa = XCBuildConfiguration;
			buildSettings = {
				ARCHS = arm64;
				CODE_SIGN_ENTITLEMENTS = Entitlements.plist;
				CODE_SIGN_STYLE = Automatic;
				CURRENT_PROJECT_VERSION = 1;
				ENABLE_HARDENED_RUNTIME = YES;
				INFOPLIST_FILE = Info.plist;
				LD_RUNPATH_SEARCH_PATHS = (
					"$(inherited)",
					"@executable_path/../Frameworks",
				);
				MARKETING_VERSION = 1.0.2;
				OTHER_LDFLAGS = (
					"$(inherited)",
					"-L$(SRCROOT)/Resources",
					"-lzhunji_core",
				);
				PRODUCT_BUNDLE_IDENTIFIER = com.zhunji.app;
				PRODUCT_NAME = "$(TARGET_NAME)";
				SWIFT_EMIT_LOC_STRINGS = NO;
			};
			name = Release;
		};
/* End XCBuildConfiguration section */

/* Begin XCConfigurationList section */
		AA0000000000000000000065 /* Build configuration list for PBXProject "Zhunji" */ = {
			isa = XCConfigurationList;
			buildConfigurations = (
				AA0000000000000000000068 /* Debug */,
				AA0000000000000000000069 /* Release */,
			);
			defaultConfigurationIsVisible = 0;
			defaultConfigurationName = Release;
		};
		AA0000000000000000000064 /* Build configuration list for PBXNativeTarget "Zhunji" */ = {
			isa = XCConfigurationList;
			buildConfigurations = (
				AA0000000000000000000066 /* Debug */,
				AA0000000000000000000067 /* Release */,
			);
			defaultConfigurationIsVisible = 0;
			defaultConfigurationName = Release;
		};
/* End XCConfigurationList section */

	};
	rootObject = AA0000000000000000000063 /* Project object */;
}
